
Microsoft Visual Studio Solution File, Format Version 12.00
# Visual Studio Version 16
VisualStudioVersion = 16.0.31313.79
MinimumVisualStudioVersion = 10.0.40219.1
Project("{D2ABAB84-BF74-430A-B69E-9DC6D40DDA17}") = "Projet_Analysis_Service", "Projet_Analysis_Service.dwproj", "{95E21E73-B780-4221-B22C-D0391A106025}"
EndProject
Global
	GlobalSection(SolutionConfigurationPlatforms) = preSolution
		Development|Default = Development|Default
	EndGlobalSection
	GlobalSection(ProjectConfigurationPlatforms) = postSolution
		{95E21E73-B780-4221-B22C-D0391A106025}.Development|Default.ActiveCfg = Development
		{95E21E73-B780-4221-B22C-D0391A106025}.Development|Default.Build.0 = Development
		{95E21E73-B780-4221-B22C-D0391A106025}.Development|Default.Deploy.0 = Development
	EndGlobalSection
	GlobalSection(SolutionProperties) = preSolution
		HideSolutionNode = FALSE
	EndGlobalSection
	GlobalSection(ExtensibilityGlobals) = postSolution
		SolutionGuid = {647A24E2-C295-4DCE-9B2C-2691DBA2B8BB}
	EndGlobalSection
EndGlobal
